
Microsoft Visual Studio Solution File, Format Version 12.00
# Visual Studio Version 16
VisualStudioVersion = 16.0.29009.5
MinimumVisualStudioVersion = 10.0.40219.1
Project("{9A19103F-16F7-4668-BE54-9A1E7A4F7556}") = "Lancet.API", "Lancet.API\Lancet.API.csproj", "{E067478E-1346-4082-9D37-1F00CCA492F3}"
	ProjectSection(ProjectDependencies) = postProject
		{EAFA33C9-E3E9-45E8-86C0-DE08B080B452} = {EAFA33C9-E3E9-45E8-86C0-DE08B080B452}
	EndProjectSection
EndProject
Project("{9A19103F-16F7-4668-BE54-9A1E7A4F7556}") = "Lancet.Models", "Lancet.Models\Lancet.Models.csproj", "{9B76FF99-E2ED-42B2-BC03-747DC0AEDC44}"
EndProject
Project("{9A19103F-16F7-4668-BE54-9A1E7A4F7556}") = "Lancet.Repository", "Lancet.Repository\Lancet.Repository.csproj", "{9A79D7A9-9724-4794-BA6C-ED1E50C8CC28}"
	ProjectSection(ProjectDependencies) = postProject
		{9B76FF99-E2ED-42B2-BC03-747DC0AEDC44} = {9B76FF99-E2ED-42B2-BC03-747DC0AEDC44}
	EndProjectSection
EndProject
Project("{9A19103F-16F7-4668-BE54-9A1E7A4F7556}") = "Lancet.Service", "Lancet.Service\Lancet.Service.csproj", "{EAFA33C9-E3E9-45E8-86C0-DE08B080B452}"
	ProjectSection(ProjectDependencies) = postProject
		{B136AD76-B45F-4558-86BC-B9E819D9D818} = {B136AD76-B45F-4558-86BC-B9E819D9D818}
		{9A79D7A9-9724-4794-BA6C-ED1E50C8CC28} = {9A79D7A9-9724-4794-BA6C-ED1E50C8CC28}
	EndProjectSection
EndProject
Project("{E53339B2-1760-4266-BCC7-CA923CBCF16C}") = "docker-compose", "docker-compose.dcproj", "{A649AC22-EA26-429C-9EF4-ECC8E7B9681F}"
EndProject
Project("{E24C65DC-7377-472B-9ABA-BC803B73C61A}") = "Lacnet.Client", "Lacnet.Client\", "{D12F0CB2-908B-49C4-B6D6-DF000DAF395A}"
	ProjectSection(WebsiteProperties) = preProject
		TargetFrameworkMoniker = ".NETFramework,Version%3Dv4.0"
		Debug.AspNetCompiler.VirtualPath = "/localhost_54819"
		Debug.AspNetCompiler.PhysicalPath = "Lacnet.Client\"
		Debug.AspNetCompiler.TargetPath = "PrecompiledWeb\localhost_54819\"
		Debug.AspNetCompiler.Updateable = "true"
		Debug.AspNetCompiler.ForceOverwrite = "true"
		Debug.AspNetCompiler.FixedNames = "false"
		Debug.AspNetCompiler.Debug = "True"
		Release.AspNetCompiler.VirtualPath = "/localhost_54819"
		Release.AspNetCompiler.PhysicalPath = "Lacnet.Client\"
		Release.AspNetCompiler.TargetPath = "PrecompiledWeb\localhost_54819\"
		Release.AspNetCompiler.Updateable = "true"
		Release.AspNetCompiler.ForceOverwrite = "true"
		Release.AspNetCompiler.FixedNames = "false"
		Release.AspNetCompiler.Debug = "False"
		VWDPort = "54819"
		SlnRelativePath = "Lacnet.Client\"
	EndProjectSection
EndProject
Project("{9A19103F-16F7-4668-BE54-9A1E7A4F7556}") = "Lancet.Data", "Lancet.Data\Lancet.Data.csproj", "{B136AD76-B45F-4558-86BC-B9E819D9D818}"
EndProject
Global
	GlobalSection(SolutionConfigurationPlatforms) = preSolution
		Debug|Any CPU = Debug|Any CPU
		Release|Any CPU = Release|Any CPU
	EndGlobalSection
	GlobalSection(ProjectConfigurationPlatforms) = postSolution
		{E067478E-1346-4082-9D37-1F00CCA492F3}.Debug|Any CPU.ActiveCfg = Debug|Any CPU
		{E067478E-1346-4082-9D37-1F00CCA492F3}.Debug|Any CPU.Build.0 = Debug|Any CPU
		{E067478E-1346-4082-9D37-1F00CCA492F3}.Release|Any CPU.ActiveCfg = Release|Any CPU
		{E067478E-1346-4082-9D37-1F00CCA492F3}.Release|Any CPU.Build.0 = Release|Any CPU
		{9B76FF99-E2ED-42B2-BC03-747DC0AEDC44}.Debug|Any CPU.ActiveCfg = Debug|Any CPU
		{9B76FF99-E2ED-42B2-BC03-747DC0AEDC44}.Debug|Any CPU.Build.0 = Debug|Any CPU
		{9B76FF99-E2ED-42B2-BC03-747DC0AEDC44}.Release|Any CPU.ActiveCfg = Release|Any CPU
		{9B76FF99-E2ED-42B2-BC03-747DC0AEDC44}.Release|Any CPU.Build.0 = Release|Any CPU
		{9A79D7A9-9724-4794-BA6C-ED1E50C8CC28}.Debug|Any CPU.ActiveCfg = Debug|Any CPU
		{9A79D7A9-9724-4794-BA6C-ED1E50C8CC28}.Debug|Any CPU.Build.0 = Debug|Any CPU
		{9A79D7A9-9724-4794-BA6C-ED1E50C8CC28}.Release|Any CPU.ActiveCfg = Release|Any CPU
		{9A79D7A9-9724-4794-BA6C-ED1E50C8CC28}.Release|Any CPU.Build.0 = Release|Any CPU
		{EAFA33C9-E3E9-45E8-86C0-DE08B080B452}.Debug|Any CPU.ActiveCfg = Debug|Any CPU
		{EAFA33C9-E3E9-45E8-86C0-DE08B080B452}.Debug|Any CPU.Build.0 = Debug|Any CPU
		{EAFA33C9-E3E9-45E8-86C0-DE08B080B452}.Release|Any CPU.ActiveCfg = Release|Any CPU
		{EAFA33C9-E3E9-45E8-86C0-DE08B080B452}.Release|Any CPU.Build.0 = Release|Any CPU
		{A649AC22-EA26-429C-9EF4-ECC8E7B9681F}.Debug|Any CPU.ActiveCfg = Debug|Any CPU
		{A649AC22-EA26-429C-9EF4-ECC8E7B9681F}.Debug|Any CPU.Build.0 = Debug|Any CPU
		{A649AC22-EA26-429C-9EF4-ECC8E7B9681F}.Release|Any CPU.ActiveCfg = Release|Any CPU
		{A649AC22-EA26-429C-9EF4-ECC8E7B9681F}.Release|Any CPU.Build.0 = Release|Any CPU
		{D12F0CB2-908B-49C4-B6D6-DF000DAF395A}.Debug|Any CPU.ActiveCfg = Debug|Any CPU
		{D12F0CB2-908B-49C4-B6D6-DF000DAF395A}.Debug|Any CPU.Build.0 = Debug|Any CPU
		{D12F0CB2-908B-49C4-B6D6-DF000DAF395A}.Release|Any CPU.ActiveCfg = Debug|Any CPU
		{D12F0CB2-908B-49C4-B6D6-DF000DAF395A}.Release|Any CPU.Build.0 = Debug|Any CPU
		{B136AD76-B45F-4558-86BC-B9E819D9D818}.Debug|Any CPU.ActiveCfg = Debug|Any CPU
		{B136AD76-B45F-4558-86BC-B9E819D9D818}.Debug|Any CPU.Build.0 = Debug|Any CPU
		{B136AD76-B45F-4558-86BC-B9E819D9D818}.Release|Any CPU.ActiveCfg = Release|Any CPU
		{B136AD76-B45F-4558-86BC-B9E819D9D818}.Release|Any CPU.Build.0 = Release|Any CPU
	EndGlobalSection
	GlobalSection(SolutionProperties) = preSolution
		HideSolutionNode = FALSE
	EndGlobalSection
	GlobalSection(ExtensibilityGlobals) = postSolution
		SolutionGuid = {C3F8F2C5-0E47-4489-800E-7E34000F654F}
	EndGlobalSection
EndGlobal
